Microsoft Visual Studio Solution File, Format Version 12.00
# Visual Studio Version 16
VisualStudioVersion = 16.0.31205.134
MinimumVisualStudioVersion = 10.0.40219.1
Project("{9A19103F-16F7-4668-BE54-9A1E7A4F7556}") = "Density", "Density\Density.csproj", "{467976A1-2377-497A-A975-34F4B1295415}"
EndProject
Project("{FAE04EC0-301F-11D3-BF4B-00C04F79EFBC}") = "Density.iOS", "iOS\Density.iOS.csproj", "{947DCD2D-6083-42FD-A30B-114FF437B3D6}"
EndProject
Project("{FAE04EC0-301F-11D3-BF4B-00C04F79EFBC}") = "Density.Droid", "Droid\Density.Droid.csproj", "{5D892129-D547-4BE6-BCBD-D0527BE4CA71}"
EndProject
Project("{9A19103F-16F7-4668-BE54-9A1E7A4F7556}") = "DensityServer", "Server\DensityServer\DensityServer.csproj", "{46CAE61C-F542-43CC-B4C2-1326D5BC1377}"
EndProject
Global
	GlobalSection(SolutionConfigurationPlatforms) = preSolution
		Debug|Any CPU = Debug|Any CPU
		Debug|ARM = Debug|ARM
		Debug|iPhone = Debug|iPhone
		Debug|iPhoneSimulator = Debug|iPhoneSimulator
		Debug|Mixed Platforms = Debug|Mixed Platforms
		Debug|x64 = Debug|x64
		Debug|x86 = Debug|x86
		Release|Any CPU = Release|Any CPU
		Release|ARM = Release|ARM
		Release|iPhone = Release|iPhone
		Release|iPhoneSimulator = Release|iPhoneSimulator
		Release|Mixed Platforms = Release|Mixed Platforms
		Release|x64 = Release|x64
		Release|x86 = Release|x86
	EndGlobalSection
	GlobalSection(ProjectConfigurationPlatforms) = postSolution
		{467976A1-2377-497A-A975-34F4B1295415}.Debug|Any CPU.ActiveCfg = Debug|Any CPU
		{467976A1-2377-497A-A975-34F4B1295415}.Debug|Any CPU.Build.0 = Debug|Any CPU
		{467976A1-2377-497A-A975-34F4B1295415}.Debug|ARM.ActiveCfg = Debug|Any CPU
		{467976A1-2377-497A-A975-34F4B1295415}.Debug|iPhone.ActiveCfg = Debug|Any CPU
		{467976A1-2377-497A-A975-34F4B1295415}.Debug|iPhone.Build.0 = Debug|Any CPU
		{467976A1-2377-497A-A975-34F4B1295415}.Debug|iPhoneSimulator.ActiveCfg = Debug|Any CPU
		{467976A1-2377-497A-A975-34F4B1295415}.Debug|iPhoneSimulator.Build.0 = Debug|Any CPU
		{467976A1-2377-497A-A975-34F4B1295415}.Debug|Mixed Platforms.ActiveCfg = Debug|Any CPU
		{467976A1-2377-497A-A975-34F4B1295415}.Debug|Mixed Platforms.Build.0 = Debug|Any CPU
		{467976A1-2377-497A-A975-34F4B1295415}.Debug|x64.ActiveCfg = Debug|Any CPU
		{467976A1-2377-497A-A975-34F4B1295415}.Debug|x64.Build.0 = Debug|Any CPU
		{467976A1-2377-497A-A975-34F4B1295415}.Debug|x86.ActiveCfg = Debug|Any CPU
		{467976A1-2377-497A-A975-34F4B1295415}.Release|Any CPU.ActiveCfg = Release|Any CPU
		{467976A1-2377-497A-A975-34F4B1295415}.Release|Any CPU.Build.0 = Release|Any CPU
		{467976A1-2377-497A-A975-34F4B1295415}.Release|ARM.ActiveCfg = Release|Any CPU
		{467976A1-2377-497A-A975-34F4B1295415}.Release|iPhone.ActiveCfg = Release|Any CPU
		{467976A1-2377-497A-A975-34F4B1295415}.Release|iPhone.Build.0 = Release|Any CPU
		{467976A1-2377-497A-A975-34F4B1295415}.Release|iPhoneSimulator.ActiveCfg = Release|Any CPU
		{467976A1-2377-497A-A975-34F4B1295415}.Release|iPhoneSimulator.Build.0 = Release|Any CPU
		{467976A1-2377-497A-A975-34F4B1295415}.Release|Mixed Platforms.ActiveCfg = Debug|Any CPU
		{467976A1-2377-497A-A975-34F4B1295415}.Release|Mixed Platforms.Build.0 = Debug|Any CPU
		{467976A1-2377-497A-A975-34F4B1295415}.Release|x64.ActiveCfg = Release|Any CPU
		{467976A1-2377-497A-A975-34F4B1295415}.Release|x64.Build.0 = Release|Any CPU
		{467976A1-2377-497A-A975-34F4B1295415}.Release|x86.ActiveCfg = Release|Any CPU
		{947DCD2D-6083-42FD-A30B-114FF437B3D6}.Debug|Any CPU.ActiveCfg = Debug|iPhoneSimulator
		{947DCD2D-6083-42FD-A30B-114FF437B3D6}.Debug|Any CPU.Build.0 = Debug|iPhoneSimulator
		{947DCD2D-6083-42FD-A30B-114FF437B3D6}.Debug|ARM.ActiveCfg = Debug|iPhone
		{947DCD2D-6083-42FD-A30B-114FF437B3D6}.Debug|iPhone.ActiveCfg = Debug|iPhone
		{947DCD2D-6083-42FD-A30B-114FF437B3D6}.Debug|iPhone.Build.0 = Debug|iPhone
		{947DCD2D-6083-42FD-A30B-114FF437B3D6}.Debug|iPhoneSimulator.ActiveCfg = Debug|iPhoneSimulator
		{947DCD2D-6083-42FD-A30B-114FF437B3D6}.Debug|iPhoneSimulator.Build.0 = Debug|iPhoneSimulator
		{947DCD2D-6083-42FD-A30B-114FF437B3D6}.Debug|Mixed Platforms.ActiveCfg = Debug|iPhone
		{947DCD2D-6083-42FD-A30B-114FF437B3D6}.Debug|Mixed Platforms.Build.0 = Debug|iPhone
		{947DCD2D-6083-42FD-A30B-114FF437B3D6}.Debug|x64.ActiveCfg = Debug|iPhone
		{947DCD2D-6083-42FD-A30B-114FF437B3D6}.Debug|x86.ActiveCfg = Debug|iPhone
		{947DCD2D-6083-42FD-A30B-114FF437B3D6}.Release|Any CPU.ActiveCfg = Release|iPhone
		{947DCD2D-6083-42FD-A30B-114FF437B3D6}.Release|Any CPU.Build.0 = Release|iPhone
		{947DCD2D-6083-42FD-A30B-114FF437B3D6}.Release|ARM.ActiveCfg = Release|iPhoneSimulator
		{947DCD2D-6083-42FD-A30B-114FF437B3D6}.Release|iPhone.ActiveCfg = Release|iPhone
		{947DCD2D-6083-42FD-A30B-114FF437B3D6}.Release|iPhone.Build.0 = Release|iPhone
		{947DCD2D-6083-42FD-A30B-114FF437B3D6}.Release|iPhoneSimulator.ActiveCfg = Release|iPhoneSimulator
		{947DCD2D-6083-42FD-A30B-114FF437B3D6}.Release|iPhoneSimulator.Build.0 = Release|iPhoneSimulator
		{947DCD2D-6083-42FD-A30B-114FF437B3D6}.Release|Mixed Platforms.ActiveCfg = Debug|iPhoneSimulator
		{947DCD2D-6083-42FD-A30B-114FF437B3D6}.Release|Mixed Platforms.Build.0 = Debug|iPhoneSimulator
		{947DCD2D-6083-42FD-A30B-114FF437B3D6}.Release|x64.ActiveCfg = Release|iPhoneSimulator
		{947DCD2D-6083-42FD-A30B-114FF437B3D6}.Release|x86.ActiveCfg = Release|iPhoneSimulator
		{5D892129-D547-4BE6-BCBD-D0527BE4CA71}.Debug|Any CPU.ActiveCfg = Debug|Any CPU
		{5D892129-D547-4BE6-BCBD-D0527BE4CA71}.Debug|Any CPU.Build.0 = Debug|Any CPU
		{5D892129-D547-4BE6-BCBD-D0527BE4CA71}.Debug|Any CPU.Deploy.0 = Debug|Any CPU
		{5D892129-D547-4BE6-BCBD-D0527BE4CA71}.Debug|ARM.ActiveCfg = Debug|Any CPU
		{5D892129-D547-4BE6-BCBD-D0527BE4CA71}.Debug|iPhone.ActiveCfg = Debug|Any CPU
		{5D892129-D547-4BE6-BCBD-D0527BE4CA71}.Debug|iPhone.Build.0 = Debug|Any CPU
		{5D892129-D547-4BE6-BCBD-D0527BE4CA71}.Debug|iPhoneSimulator.ActiveCfg = Debug|Any CPU
		{5D892129-D547-4BE6-BCBD-D0527BE4CA71}.Debug|iPhoneSimulator.Build.0 = Debug|Any CPU
		{5D892129-D547-4BE6-BCBD-D0527BE4CA71}.Debug|Mixed Platforms.ActiveCfg = Debug|Any CPU
		{5D892129-D547-4BE6-BCBD-D0527BE4CA71}.Debug|Mixed Platforms.Build.0 = Debug|Any CPU
		{5D892129-D547-4BE6-BCBD-D0527BE4CA71}.Debug|Mixed Platforms.Deploy.0 = Debug|Any CPU
		{5D892129-D547-4BE6-BCBD-D0527BE4CA71}.Debug|x64.ActiveCfg = Debug|Any CPU
		{5D892129-D547-4BE6-BCBD-D0527BE4CA71}.Debug|x64.Build.0 = Debug|Any CPU
		{5D892129-D547-4BE6-BCBD-D0527BE4CA71}.Debug|x64.Deploy.0 = Debug|Any CPU
		{5D892129-D547-4BE6-BCBD-D0527BE4CA71}.Debug|x86.ActiveCfg = Debug|Any CPU
		{5D892129-D547-4BE6-BCBD-D0527BE4CA71}.Release|Any CPU.ActiveCfg = Release|Any CPU
		{5D892129-D547-4BE6-BCBD-D0527BE4CA71}.Release|Any CPU.Build.0 = Release|Any CPU
		{5D892129-D547-4BE6-BCBD-D0527BE4CA71}.Release|Any CPU.Deploy.0 = Release|Any CPU
		{5D892129-D547-4BE6-BCBD-D0527BE4CA71}.Release|ARM.ActiveCfg = Release|Any CPU
		{5D892129-D547-4BE6-BCBD-D0527BE4CA71}.Release|iPhone.ActiveCfg = Release|Any CPU
		{5D892129-D547-4BE6-BCBD-D0527BE4CA71}.Release|iPhone.Build.0 = Release|Any CPU
		{5D892129-D547-4BE6-BCBD-D0527BE4CA71}.Release|iPhoneSimulator.ActiveCfg = Release|Any CPU
		{5D892129-D547-4BE6-BCBD-D0527BE4CA71}.Release|iPhoneSimulator.Build.0 = Release|Any CPU
		{5D892129-D547-4BE6-BCBD-D0527BE4CA71}.Release|Mixed Platforms.ActiveCfg = Debug|Any CPU
		{5D892129-D547-4BE6-BCBD-D0527BE4CA71}.Release|Mixed Platforms.Build.0 = Debug|Any CPU
		{5D892129-D547-4BE6-BCBD-D0527BE4CA71}.Release|Mixed Platforms.Deploy.0 = Debug|Any CPU
		{5D892129-D547-4BE6-BCBD-D0527BE4CA71}.Release|x64.ActiveCfg = Release|Any CPU
		{5D892129-D547-4BE6-BCBD-D0527BE4CA71}.Release|x64.Build.0 = Release|Any CPU
		{5D892129-D547-4BE6-BCBD-D0527BE4CA71}.Release|x64.Deploy.0 = Release|Any CPU
		{5D892129-D547-4BE6-BCBD-D0527BE4CA71}.Release|x86.ActiveCfg = Release|Any CPU
		{46CAE61C-F542-43CC-B4C2-1326D5BC1377}.Debug|Any CPU.ActiveCfg = Debug|Any CPU
		{46CAE61C-F542-43CC-B4C2-1326D5BC1377}.Debug|Any CPU.Build.0 = Debug|Any CPU
		{46CAE61C-F542-43CC-B4C2-1326D5BC1377}.Debug|ARM.ActiveCfg = Debug|Any CPU
		{46CAE61C-F542-43CC-B4C2-1326D5BC1377}.Debug|ARM.Build.0 = Debug|Any CPU
		{46CAE61C-F542-43CC-B4C2-1326D5BC1377}.Debug|iPhone.ActiveCfg = Debug|Any CPU
		{46CAE61C-F542-43CC-B4C2-1326D5BC1377}.Debug|iPhone.Build.0 = Debug|Any CPU
		{46CAE61C-F542-43CC-B4C2-1326D5BC1377}.Debug|iPhoneSimulator.ActiveCfg = Debug|Any CPU
		{46CAE61C-F542-43CC-B4C2-1326D5BC1377}.Debug|iPhoneSimulator.Build.0 = Debug|Any CPU
		{46CAE61C-F542-43CC-B4C2-1326D5BC1377}.Debug|Mixed Platforms.ActiveCfg = Debug|Any CPU
		{46CAE61C-F542-43CC-B4C2-1326D5BC1377}.Debug|Mixed Platforms.Build.0 = Debug|Any CPU
		{46CAE61C-F542-43CC-B4C2-1326D5BC1377}.Debug|x64.ActiveCfg = Debug|Any CPU
		{46CAE61C-F542-43CC-B4C2-1326D5BC1377}.Debug|x64.Build.0 = Debug|Any CPU
		{46CAE61C-F542-43CC-B4C2-1326D5BC1377}.Debug|x86.ActiveCfg = Debug|Any CPU
		{46CAE61C-F542-43CC-B4C2-1326D5BC1377}.Debug|x86.Build.0 = Debug|Any CPU
		{46CAE61C-F542-43CC-B4C2-1326D5BC1377}.Release|Any CPU.ActiveCfg = Release|Any CPU
		{46CAE61C-F542-43CC-B4C2-1326D5BC1377}.Release|Any CPU.Build.0 = Release|Any CPU
		{46CAE61C-F542-43CC-B4C2-1326D5BC1377}.Release|ARM.ActiveCfg = Release|Any CPU
		{46CAE61C-F542-43CC-B4C2-1326D5BC1377}.Release|ARM.Build.0 = Release|Any CPU
		{46CAE61C-F542-43CC-B4C2-1326D5BC1377}.Release|iPhone.ActiveCfg = Release|Any CPU
		{46CAE61C-F542-43CC-B4C2-1326D5BC1377}.Release|iPhone.Build.0 = Release|Any CPU
		{46CAE61C-F542-43CC-B4C2-1326D5BC1377}.Release|iPhoneSimulator.ActiveCfg = Release|Any CPU
		{46CAE61C-F542-43CC-B4C2-1326D5BC1377}.Release|iPhoneSimulator.Build.0 = Release|Any CPU
		{46CAE61C-F542-43CC-B4C2-1326D5BC1377}.Release|Mixed Platforms.ActiveCfg = Release|Any CPU
		{46CAE61C-F542-43CC-B4C2-1326D5BC1377}.Release|Mixed Platforms.Build.0 = Release|Any CPU
		{46CAE61C-F542-43CC-B4C2-1326D5BC1377}.Release|x64.ActiveCfg = Release|Any CPU
		{46CAE61C-F542-43CC-B4C2-1326D5BC1377}.Release|x64.Build.0 = Release|Any CPU
		{46CAE61C-F542-43CC-B4C2-1326D5BC1377}.Release|x86.ActiveCfg = Release|Any CPU
		{46CAE61C-F542-43CC-B4C2-1326D5BC1377}.Release|x86.Build.0 = Release|Any CPU
	EndGlobalSection
	GlobalSection(SolutionProperties) = preSolution
		HideSolutionNode = FALSE
	EndGlobalSection
	GlobalSection(ExtensibilityGlobals) = postSolution
		SolutionGuid = {4EBD4216-2163-4BC7-AF52-BBE53C407A63}
	EndGlobalSection
EndGlobal
